
Microsoft Visual Studio Solution File, Format Version 12.00
Project("{FAE04EC0-301F-11D3-BF4B-00C04F79EFBC}") = "SnkFeatureKit.Patcher", "SnkFeatureKit.Patcher\SnkFeatureKit.Patcher.csproj", "{83C6055C-5385-4AEE-8F78-777ECA9BCFEC}"
EndProject
Project("{FAE04EC0-301F-11D3-BF4B-00C04F79EFBC}") = "SnkFeatureKit.ContentDelivery", "SnkFeatureKit.ContentDelivery\SnkFeatureKit.ContentDelivery.csproj", "{0F1A5FE3-6576-444D-88D1-467F4286D7A7}"
EndProject
Project("{FAE04EC0-301F-11D3-BF4B-00C04F79EFBC}") = "SnkFeatureKit.Asynchronous", "SnkFeatureKit.Asynchronous\SnkFeatureKit.Asynchronous.csproj", "{2DEA82C5-86A8-4EF4-B048-9D0125D2A166}"
EndProject
Global
	GlobalSection(SolutionConfigurationPlatforms) = preSolution
		Debug|Any CPU = Debug|Any CPU
		Release|Any CPU = Release|Any CPU
	EndGlobalSection
	GlobalSection(ProjectConfigurationPlatforms) = postSolution
		{83C6055C-5385-4AEE-8F78-777ECA9BCFEC}.Debug|Any CPU.ActiveCfg = Debug|Any CPU
		{83C6055C-5385-4AEE-8F78-777ECA9BCFEC}.Debug|Any CPU.Build.0 = Debug|Any CPU
		{83C6055C-5385-4AEE-8F78-777ECA9BCFEC}.Release|Any CPU.ActiveCfg = Release|Any CPU
		{83C6055C-5385-4AEE-8F78-777ECA9BCFEC}.Release|Any CPU.Build.0 = Release|Any CPU
		{0F1A5FE3-6576-444D-88D1-467F4286D7A7}.Debug|Any CPU.ActiveCfg = Debug|Any CPU
		{0F1A5FE3-6576-444D-88D1-467F4286D7A7}.Debug|Any CPU.Build.0 = Debug|Any CPU
		{0F1A5FE3-6576-444D-88D1-467F4286D7A7}.Release|Any CPU.ActiveCfg = Release|Any CPU
		{0F1A5FE3-6576-444D-88D1-467F4286D7A7}.Release|Any CPU.Build.0 = Release|Any CPU
		{2DEA82C5-86A8-4EF4-B048-9D0125D2A166}.Debug|Any CPU.ActiveCfg = Debug|Any CPU
		{2DEA82C5-86A8-4EF4-B048-9D0125D2A166}.Debug|Any CPU.Build.0 = Debug|Any CPU
		{2DEA82C5-86A8-4EF4-B048-9D0125D2A166}.Release|Any CPU.ActiveCfg = Release|Any CPU
		{2DEA82C5-86A8-4EF4-B048-9D0125D2A166}.Release|Any CPU.Build.0 = Release|Any CPU
	EndGlobalSection
EndGlobal
