
Microsoft Visual Studio Solution File, Format Version 12.00
Project("{FAE04EC0-301F-11D3-BF4B-00C04F79EFBC}") = "SnkFeatureKit.ContentDelivery", "SnkFeatureKit.ContentDelivery\SnkFeatureKit.ContentDelivery.csproj", "{0D336373-DED7-46FC-B792-B3973E3998EB}"
EndProject
Project("{FAE04EC0-301F-11D3-BF4B-00C04F79EFBC}") = "SnkFeatureKit.Logging", "SnkFeatureKit.Logging\SnkFeatureKit.Logging.csproj", "{9DCF2FD8-18AA-461E-97C9-BCD18E31C74D}"
EndProject
Project("{FAE04EC0-301F-11D3-BF4B-00C04F79EFBC}") = "SnkFeatureKit.Patcher", "SnkFeatureKit.Patcher\SnkFeatureKit.Patcher.csproj", "{A6BD778A-E2D3-48E4-8A4C-D2A18BFCD108}"
EndProject
Project("{FAE04EC0-301F-11D3-BF4B-00C04F79EFBC}") = "SnkFeatureKit.Asynchronous", "SnkFeatureKit.Asynchronous\SnkFeatureKit.Asynchronous.csproj", "{5BB720EA-FA63-4725-8A00-EEF778F432CB}"
EndProject
Global
	GlobalSection(SolutionConfigurationPlatforms) = preSolution
		Debug|Any CPU = Debug|Any CPU
		Release|Any CPU = Release|Any CPU
	EndGlobalSection
	GlobalSection(ProjectConfigurationPlatforms) = postSolution
		{0D336373-DED7-46FC-B792-B3973E3998EB}.Debug|Any CPU.ActiveCfg = Debug|Any CPU
		{0D336373-DED7-46FC-B792-B3973E3998EB}.Debug|Any CPU.Build.0 = Debug|Any CPU
		{0D336373-DED7-46FC-B792-B3973E3998EB}.Release|Any CPU.ActiveCfg = Release|Any CPU
		{0D336373-DED7-46FC-B792-B3973E3998EB}.Release|Any CPU.Build.0 = Release|Any CPU
		{9DCF2FD8-18AA-461E-97C9-BCD18E31C74D}.Debug|Any CPU.ActiveCfg = Debug|Any CPU
		{9DCF2FD8-18AA-461E-97C9-BCD18E31C74D}.Debug|Any CPU.Build.0 = Debug|Any CPU
		{9DCF2FD8-18AA-461E-97C9-BCD18E31C74D}.Release|Any CPU.ActiveCfg = Release|Any CPU
		{9DCF2FD8-18AA-461E-97C9-BCD18E31C74D}.Release|Any CPU.Build.0 = Release|Any CPU
		{A6BD778A-E2D3-48E4-8A4C-D2A18BFCD108}.Debug|Any CPU.ActiveCfg = Debug|Any CPU
		{A6BD778A-E2D3-48E4-8A4C-D2A18BFCD108}.Debug|Any CPU.Build.0 = Debug|Any CPU
		{A6BD778A-E2D3-48E4-8A4C-D2A18BFCD108}.Release|Any CPU.ActiveCfg = Release|Any CPU
		{A6BD778A-E2D3-48E4-8A4C-D2A18BFCD108}.Release|Any CPU.Build.0 = Release|Any CPU
		{5BB720EA-FA63-4725-8A00-EEF778F432CB}.Debug|Any CPU.ActiveCfg = Debug|Any CPU
		{5BB720EA-FA63-4725-8A00-EEF778F432CB}.Debug|Any CPU.Build.0 = Debug|Any CPU
		{5BB720EA-FA63-4725-8A00-EEF778F432CB}.Release|Any CPU.ActiveCfg = Release|Any CPU
		{5BB720EA-FA63-4725-8A00-EEF778F432CB}.Release|Any CPU.Build.0 = Release|Any CPU
	EndGlobalSection
EndGlobal
