
Microsoft Visual Studio Solution File, Format Version 12.00
# Visual Studio Version 16
Project("{FAE04EC0-301F-11D3-BF4B-00C04F79EFBC}") = "SnkFeatureKit.Patcher", "SnkFeatureKit.Patcher\SnkFeatureKit.Patcher.csproj", "{056D7E04-57B3-4F3D-8FBA-D23CECB42EEF}"
EndProject
Project("{FAE04EC0-301F-11D3-BF4B-00C04F79EFBC}") = "SnkFeatureKit.ContentDelivery", "SnkFeatureKit.ContentDelivery\SnkFeatureKit.ContentDelivery.csproj", "{F49A152D-8C08-4219-A30C-6BD2246E7BB1}"
EndProject
Project("{FAE04EC0-301F-11D3-BF4B-00C04F79EFBC}") = "SnkFeatureKit.Asynchronous", "SnkFeatureKit.Asynchronous\SnkFeatureKit.Asynchronous.csproj", "{81E1F75B-C635-4AF0-9DB6-5041EFE95B3A}"
EndProject
Project("{FAE04EC0-301F-11D3-BF4B-00C04F79EFBC}") = "SnkFeatureKit.DownloadTask", "SnkFeatureKit.DownloadTask\SnkFeatureKit.DownloadTask.csproj", "{63566F10-1C47-4594-9CB7-1F823FC87F19}"
EndProject
Global
	GlobalSection(SolutionConfigurationPlatforms) = preSolution
		Debug|Any CPU = Debug|Any CPU
		Release|Any CPU = Release|Any CPU
	EndGlobalSection
	GlobalSection(ProjectConfigurationPlatforms) = postSolution
		{056D7E04-57B3-4F3D-8FBA-D23CECB42EEF}.Debug|Any CPU.ActiveCfg = Debug|Any CPU
		{056D7E04-57B3-4F3D-8FBA-D23CECB42EEF}.Debug|Any CPU.Build.0 = Debug|Any CPU
		{056D7E04-57B3-4F3D-8FBA-D23CECB42EEF}.Release|Any CPU.ActiveCfg = Release|Any CPU
		{056D7E04-57B3-4F3D-8FBA-D23CECB42EEF}.Release|Any CPU.Build.0 = Release|Any CPU
		{F49A152D-8C08-4219-A30C-6BD2246E7BB1}.Debug|Any CPU.ActiveCfg = Debug|Any CPU
		{F49A152D-8C08-4219-A30C-6BD2246E7BB1}.Debug|Any CPU.Build.0 = Debug|Any CPU
		{F49A152D-8C08-4219-A30C-6BD2246E7BB1}.Release|Any CPU.ActiveCfg = Release|Any CPU
		{F49A152D-8C08-4219-A30C-6BD2246E7BB1}.Release|Any CPU.Build.0 = Release|Any CPU
		{81E1F75B-C635-4AF0-9DB6-5041EFE95B3A}.Debug|Any CPU.ActiveCfg = Debug|Any CPU
		{81E1F75B-C635-4AF0-9DB6-5041EFE95B3A}.Debug|Any CPU.Build.0 = Debug|Any CPU
		{81E1F75B-C635-4AF0-9DB6-5041EFE95B3A}.Release|Any CPU.ActiveCfg = Release|Any CPU
		{81E1F75B-C635-4AF0-9DB6-5041EFE95B3A}.Release|Any CPU.Build.0 = Release|Any CPU
		{63566F10-1C47-4594-9CB7-1F823FC87F19}.Debug|Any CPU.ActiveCfg = Debug|Any CPU
		{63566F10-1C47-4594-9CB7-1F823FC87F19}.Debug|Any CPU.Build.0 = Debug|Any CPU
		{63566F10-1C47-4594-9CB7-1F823FC87F19}.Release|Any CPU.ActiveCfg = Release|Any CPU
		{63566F10-1C47-4594-9CB7-1F823FC87F19}.Release|Any CPU.Build.0 = Release|Any CPU
	EndGlobalSection
EndGlobal
